
Microsoft Visual Studio Solution File, Format Version 12.00
# Visual Studio 15
VisualStudioVersion = 15.0.27703.2026
MinimumVisualStudioVersion = 10.0.40219.1
Project("{9A19103F-16F7-4668-BE54-9A1E7A4F7556}") = "Akkatecture.Test.Eventstore.Tests", "Akkatecture.Test.Eventstore.Tests\Akkatecture.Test.Eventstore.Tests.csproj", "{3D679BB0-C281-442F-806B-ED71C9460DBA}"
EndProject
Project("{9A19103F-16F7-4668-BE54-9A1E7A4F7556}") = "Akkatecture.Test.Eventstore.Domain", "Akkatecture.Test.Eventstore.Domain\Akkatecture.Test.Eventstore.Domain.csproj", "{CAAEA9E9-E26C-4966-8CA1-D6C3215867AA}"
EndProject
Global
	GlobalSection(SolutionConfigurationPlatforms) = preSolution
		Debug|Any CPU = Debug|Any CPU
		Release|Any CPU = Release|Any CPU
	EndGlobalSection
	GlobalSection(ProjectConfigurationPlatforms) = postSolution
		{3D679BB0-C281-442F-806B-ED71C9460DBA}.Debug|Any CPU.ActiveCfg = Debug|Any CPU
		{3D679BB0-C281-442F-806B-ED71C9460DBA}.Debug|Any CPU.Build.0 = Debug|Any CPU
		{3D679BB0-C281-442F-806B-ED71C9460DBA}.Release|Any CPU.ActiveCfg = Release|Any CPU
		{3D679BB0-C281-442F-806B-ED71C9460DBA}.Release|Any CPU.Build.0 = Release|Any CPU
		{CAAEA9E9-E26C-4966-8CA1-D6C3215867AA}.Debug|Any CPU.ActiveCfg = Debug|Any CPU
		{CAAEA9E9-E26C-4966-8CA1-D6C3215867AA}.Debug|Any CPU.Build.0 = Debug|Any CPU
		{CAAEA9E9-E26C-4966-8CA1-D6C3215867AA}.Release|Any CPU.ActiveCfg = Release|Any CPU
		{CAAEA9E9-E26C-4966-8CA1-D6C3215867AA}.Release|Any CPU.Build.0 = Release|Any CPU
	EndGlobalSection
	GlobalSection(SolutionProperties) = preSolution
		HideSolutionNode = FALSE
	EndGlobalSection
	GlobalSection(ExtensibilityGlobals) = postSolution
		SolutionGuid = {3E929EED-99CC-457F-BB7E-1B815F4AE418}
	EndGlobalSection
EndGlobal
